// !$*UTF8*$!
{
	archiveVersion = 1;
	classes = {
	};
	objectVersion = 46;
	objects = {

/* Begin PBXBuildFile section */
		BE377766199BFBF7003D720F /* dither.png in Resources */ = {isa = PBXBuildFile; fileRef = BE377765199BFBF7003D720F /* dither.png */; };
		BEB7387C19955DC000C7F556 /* main.m in Sources */ = {isa = PBXBuildFile; fileRef = BEB7387B19955DC000C7F556 /* main.m */; };
		BEB7387F19955DC000C7F556 /* AppDelegate.m in Sources */ = {isa = PBXBuildFile; fileRef = BEB7387E19955DC000C7F556 /* AppDelegate.m */; };
		BEB7388519955DC000C7F556 /* Main.storyboard in Resources */ = {isa = PBXBuildFile; fileRef = BEB7388319955DC000C7F556 /* Main.storyboard */; };
		BEB7388719955DC000C7F556 /* Images.xcassets in Resources */ = {isa = PBXBuildFile; fileRef = BEB7388619955DC000C7F556 /* Images.xcassets */; };
		BEB7389319955DC000C7F556 /* C64Tests.m in Sources */ = {isa = PBXBuildFile; fileRef = BEB7389219955DC000C7F556 /* C64Tests.m */; };
		BEB738B0199601DB00C7F556 /* CameraViewController.m in Sources */ = {isa = PBXBuildFile; fileRef = BEB738AB199601DB00C7F556 /* CameraViewController.m */; };
		BEB738B1199601DB00C7F556 /* CameraGLView.m in Sources */ = {isa = PBXBuildFile; fileRef = BEB738AD199601DB00C7F556 /* CameraGLView.m */; };
		BEB738B2199601DB00C7F556 /* Camera.m in Sources */ = {isa = PBXBuildFile; fileRef = BEB738AF199601DB00C7F556 /* Camera.m */; };
		BEB738B41996024100C7F556 /* shutter.caf in Resources */ = {isa = PBXBuildFile; fileRef = BEB738B31996024100C7F556 /* shutter.caf */; };
		BEB738BC1996083900C7F556 /* ColorFilter.fsh in Resources */ = {isa = PBXBuildFile; fileRef = BEB738B81996083900C7F556 /* ColorFilter.fsh */; };
		BEB738BD1996083900C7F556 /* HorFilter.fsh in Resources */ = {isa = PBXBuildFile; fileRef = BEB738B91996083900C7F556 /* HorFilter.fsh */; };
		BEB738BE1996083900C7F556 /* Shader.fsh in Resources */ = {isa = PBXBuildFile; fileRef = BEB738BA1996083900C7F556 /* Shader.fsh */; };
		BEB738BF1996083900C7F556 /* Shader.vsh in Resources */ = {isa = PBXBuildFile; fileRef = BEB738BB1996083900C7F556 /* Shader.vsh */; };
		BEB738C1199608F100C7F556 /* C64.fsh in Resources */ = {isa = PBXBuildFile; fileRef = BEB738C0199608F100C7F556 /* C64.fsh */; };
		BEB738C3199612AB00C7F556 /* VerFilter.fsh in Resources */ = {isa = PBXBuildFile; fileRef = BEB738C2199612AB00C7F556 /* VerFilter.fsh */; };
/* End PBXBuildFile section */

/* Begin PBXContainerItemProxy section */
		BEB7388D19955DC000C7F556 /* PBXContainerItemProxy */ = {
			isa = PBXContainerItemProxy;
			containerPortal = BEB7386E19955DC000C7F556 /* Project object */;
			proxyType = 1;
			remoteGlobalIDString = BEB7387519955DC000C7F556;
			remoteInfo = C64;
		};
/* End PBXContainerItemProxy section */

/* Begin PBXFileReference section */
		BE377765199BFBF7003D720F /* dither.png */ = {isa = PBXFileReference; lastKnownFileType = image.png; path = dither.png; sourceTree = "<group>"; };
		BEB7387619955DC000C7F556 /* C64.app */ = {isa = PBXFileReference; explicitFileType = wrapper.application; includeInIndex = 0; path = C64.app; sourceTree = BUILT_PRODUCTS_DIR; };
		BEB7387A19955DC000C7F556 /* Info.plist */ = {isa = PBXFileReference; lastKnownFileType = text.plist.xml; path = Info.plist; sourceTree = "<group>"; };
		BEB7387B19955DC000C7F556 /* main.m */ = {isa = PBXFileReference; lastKnownFileType = sourcecode.c.objc; path = main.m; sourceTree = "<group>"; };
		BEB7387D19955DC000C7F556 /* AppDelegate.h */ = {isa = PBXFileReference; lastKnownFileType = sourcecode.c.h; path = AppDelegate.h; sourceTree = "<group>"; };
		BEB7387E19955DC000C7F556 /* AppDelegate.m */ = {isa = PBXFileReference; lastKnownFileType = sourcecode.c.objc; path = AppDelegate.m; sourceTree = "<group>"; };
		BEB7388419955DC000C7F556 /* Base */ = {isa = PBXFileReference; lastKnownFileType = file.storyboard; name = Base; path = Base.lproj/Main.storyboard; sourceTree = "<group>"; };
		BEB7388619955DC000C7F556 /* Images.xcassets */ = {isa = PBXFileReference; lastKnownFileType = folder.assetcatalog; path = Images.xcassets; sourceTree = "<group>"; };
		BEB7388C19955DC000C7F556 /* C64Tests.xctest */ = {isa = PBXFileReference; explicitFileType = wrapper.cfbundle; includeInIndex = 0; path = C64Tests.xctest; sourceTree = BUILT_PRODUCTS_DIR; };
		BEB7389119955DC000C7F556 /* Info.plist */ = {isa = PBXFileReference; lastKnownFileType = text.plist.xml; path = Info.plist; sourceTree = "<group>"; };
		BEB7389219955DC000C7F556 /* C64Tests.m */ = {isa = PBXFileReference; lastKnownFileType = sourcecode.c.objc; path = C64Tests.m; sourceTree = "<group>"; };
		BEB738AA199601DB00C7F556 /* CameraViewController.h */ = {isa = PBXFileReference; fileEncoding = 4; lastKnownFileType = sourcecode.c.h; path = CameraViewController.h; sourceTree = "<group>"; };
		BEB738AB199601DB00C7F556 /* CameraViewController.m */ = {isa = PBXFileReference; fileEncoding = 4; lastKnownFileType = sourcecode.c.objc; path = CameraViewController.m; sourceTree = "<group>"; };
		BEB738AC199601DB00C7F556 /* CameraGLView.h */ = {isa = PBXFileReference; fileEncoding = 4; lastKnownFileType = sourcecode.c.h; path = CameraGLView.h; sourceTree = "<group>"; };
		BEB738AD199601DB00C7F556 /* CameraGLView.m */ = {isa = PBXFileReference; fileEncoding = 4; lastKnownFileType = sourcecode.c.objc; path = CameraGLView.m; sourceTree = "<group>"; };
		BEB738AE199601DB00C7F556 /* Camera.h */ = {isa = PBXFileReference; fileEncoding = 4; lastKnownFileType = sourcecode.c.h; path = Camera.h; sourceTree = "<group>"; };
		BEB738AF199601DB00C7F556 /* Camera.m */ = {isa = PBXFileReference; fileEncoding = 4; lastKnownFileType = sourcecode.c.objc; path = Camera.m; sourceTree = "<group>"; };
		BEB738B31996024100C7F556 /* shutter.caf */ = {isa = PBXFileReference; lastKnownFileType = file; path = shutter.caf; sourceTree = "<group>"; };
		BEB738B81996083900C7F556 /* ColorFilter.fsh */ = {isa = PBXFileReference; fileEncoding = 4; lastKnownFileType = sourcecode.glsl; name = ColorFilter.fsh; path = Shaders/ColorFilter.fsh; sourceTree = "<group>"; };
		BEB738B91996083900C7F556 /* HorFilter.fsh */ = {isa = PBXFileReference; fileEncoding = 4; lastKnownFileType = sourcecode.glsl; name = HorFilter.fsh; path = Shaders/HorFilter.fsh; sourceTree = "<group>"; };
		BEB738BA1996083900C7F556 /* Shader.fsh */ = {isa = PBXFileReference; fileEncoding = 4; lastKnownFileType = sourcecode.glsl; name = Shader.fsh; path = Shaders/Shader.fsh; sourceTree = "<group>"; };
		BEB738BB1996083900C7F556 /* Shader.vsh */ = {isa = PBXFileReference; fileEncoding = 4; lastKnownFileType = sourcecode.glsl; name = Shader.vsh; path = Shaders/Shader.vsh; sourceTree = "<group>"; };
		BEB738C0199608F100C7F556 /* C64.fsh */ = {isa = PBXFileReference; fileEncoding = 4; lastKnownFileType = sourcecode.glsl; name = C64.fsh; path = Shaders/C64.fsh; sourceTree = "<group>"; };
		BEB738C2199612AB00C7F556 /* VerFilter.fsh */ = {isa = PBXFileReference; fileEncoding = 4; lastKnownFileType = sourcecode.glsl; name = VerFilter.fsh; path = Shaders/VerFilter.fsh; sourceTree = "<group>"; };
/* End PBXFileReference section */

/* Begin PBXFrameworksBuildPhase section */
		BEB7387319955DC000C7F556 /* Frameworks */ = {
			isa = PBXFrameworksBuildPhase;
			buildActionMask = 2147483647;
			files = (
			);
			runOnlyForDeploymentPostprocessing = 0;
		};
		BEB7388919955DC000C7F556 /* Frameworks */ = {
			isa = PBXFrameworksBuildPhase;
			buildActionMask = 2147483647;
			files = (
			);
			runOnlyForDeploymentPostprocessing = 0;
		};
/* End PBXFrameworksBuildPhase section */

/* Begin PBXGroup section */
		BEB7386D19955DC000C7F556 = {
			isa = PBXGroup;
			children = (
				BEB7387819955DC000C7F556 /* C64 */,
				BEB7388F19955DC000C7F556 /* C64Tests */,
				BEB7387719955DC000C7F556 /* Products */,
			);
			sourceTree = "<group>";
		};
		BEB7387719955DC000C7F556 /* Products */ = {
			isa = PBXGroup;
			children = (
				BEB7387619955DC000C7F556 /* C64.app */,
				BEB7388C19955DC000C7F556 /* C64Tests.xctest */,
			);
			name = Products;
			sourceTree = "<group>";
		};
		BEB7387819955DC000C7F556 /* C64 */ = {
			isa = PBXGroup;
			children = (
				BEB7388319955DC000C7F556 /* Main.storyboard */,
				BEB7387D19955DC000C7F556 /* AppDelegate.h */,
				BEB7387E19955DC000C7F556 /* AppDelegate.m */,
				BEB738AA199601DB00C7F556 /* CameraViewController.h */,
				BEB738AB199601DB00C7F556 /* CameraViewController.m */,
				BEB738AC199601DB00C7F556 /* CameraGLView.h */,
				BEB738AD199601DB00C7F556 /* CameraGLView.m */,
				BEB738AE199601DB00C7F556 /* Camera.h */,
				BEB738AF199601DB00C7F556 /* Camera.m */,
				BEB7388619955DC000C7F556 /* Images.xcassets */,
				BEB738B71996080900C7F556 /* Shaders */,
				BEB7387919955DC000C7F556 /* Supporting Files */,
			);
			path = C64;
			sourceTree = "<group>";
		};
		BEB7387919955DC000C7F556 /* Supporting Files */ = {
			isa = PBXGroup;
			children = (
				BEB738B31996024100C7F556 /* shutter.caf */,
				BEB7387A19955DC000C7F556 /* Info.plist */,
				BEB7387B19955DC000C7F556 /* main.m */,
			);
			name = "Supporting Files";
			sourceTree = "<group>";
		};
		BEB7388F19955DC000C7F556 /* C64Tests */ = {
			isa = PBXGroup;
			children = (
				BEB7389219955DC000C7F556 /* C64Tests.m */,
				BEB7389019955DC000C7F556 /* Supporting Files */,
			);
			path = C64Tests;
			sourceTree = "<group>";
		};
		BEB7389019955DC000C7F556 /* Supporting Files */ = {
			isa = PBXGroup;
			children = (
				BEB7389119955DC000C7F556 /* Info.plist */,
			);
			name = "Supporting Files";
			sourceTree = "<group>";
		};
		BEB738B71996080900C7F556 /* Shaders */ = {
			isa = PBXGroup;
			children = (
				BE377765199BFBF7003D720F /* dither.png */,
				BEB738C0199608F100C7F556 /* C64.fsh */,
				BEB738B81996083900C7F556 /* ColorFilter.fsh */,
				BEB738B91996083900C7F556 /* HorFilter.fsh */,
				BEB738BA1996083900C7F556 /* Shader.fsh */,
				BEB738BB1996083900C7F556 /* Shader.vsh */,
				BEB738C2199612AB00C7F556 /* VerFilter.fsh */,
			);
			name = Shaders;
			sourceTree = "<group>";
		};
/* End PBXGroup section */

/* Begin PBXNativeTarget section */
		BEB7387519955DC000C7F556 /* C64 */ = {
			isa = PBXNativeTarget;
			buildConfigurationList = BEB7389619955DC000C7F556 /* Build configuration list for PBXNativeTarget "C64" */;
			buildPhases = (
				BEB7387219955DC000C7F556 /* Sources */,
				BEB7387319955DC000C7F556 /* Frameworks */,
				BEB7387419955DC000C7F556 /* Resources */,
			);
			buildRules = (
			);
			dependencies = (
			);
			name = C64;
			productName = C64;
			productReference = BEB7387619955DC000C7F556 /* C64.app */;
			productType = "com.apple.product-type.application";
		};
		BEB7388B19955DC000C7F556 /* C64Tests */ = {
			isa = PBXNativeTarget;
			buildConfigurationList = BEB7389919955DC000C7F556 /* Build configuration list for PBXNativeTarget "C64Tests" */;
			buildPhases = (
				BEB7388819955DC000C7F556 /* Sources */,
				BEB7388919955DC000C7F556 /* Frameworks */,
				BEB7388A19955DC000C7F556 /* Resources */,
			);
			buildRules = (
			);
			dependencies = (
				BEB7388E19955DC000C7F556 /* PBXTargetDependency */,
			);
			name = C64Tests;
			productName = C64Tests;
			productReference = BEB7388C19955DC000C7F556 /* C64Tests.xctest */;
			productType = "com.apple.product-type.bundle.unit-test";
		};
/* End PBXNativeTarget section */

/* Begin PBXProject section */
		BEB7386E19955DC000C7F556 /* Project object */ = {
			isa = PBXProject;
			attributes = {
				LastUpgradeCheck = 0600;
				ORGANIZATIONNAME = "Applied Phasor";
				TargetAttributes = {
					BEB7387519955DC000C7F556 = {
						CreatedOnToolsVersion = 6.0;
					};
					BEB7388B19955DC000C7F556 = {
						CreatedOnToolsVersion = 6.0;
						TestTargetID = BEB7387519955DC000C7F556;
					};
				};
			};
			buildConfigurationList = BEB7387119955DC000C7F556 /* Build configuration list for PBXProject "C64" */;
			compatibilityVersion = "Xcode 3.2";
			developmentRegion = English;
			hasScannedForEncodings = 0;
			knownRegions = (
				en,
				Base,
			);
			mainGroup = BEB7386D19955DC000C7F556;
			productRefGroup = BEB7387719955DC000C7F556 /* Products */;
			projectDirPath = "";
			projectRoot = "";
			targets = (
				BEB7387519955DC000C7F556 /* C64 */,
				BEB7388B19955DC000C7F556 /* C64Tests */,
			);
		};
/* End PBXProject section */

/* Begin PBXResourcesBuildPhase section */
		BEB7387419955DC000C7F556 /* Resources */ = {
			isa = PBXResourcesBuildPhase;
			buildActionMask = 2147483647;
			files = (
				BEB738BE1996083900C7F556 /* Shader.fsh in Resources */,
				BEB738BF1996083900C7F556 /* Shader.vsh in Resources */,
				BEB738C3199612AB00C7F556 /* VerFilter.fsh in Resources */,
				BEB7388519955DC000C7F556 /* Main.storyboard in Resources */,
				BEB738C1199608F100C7F556 /* C64.fsh in Resources */,
				BEB738BD1996083900C7F556 /* HorFilter.fsh in Resources */,
				BEB738B41996024100C7F556 /* shutter.caf in Resources */,
				BE377766199BFBF7003D720F /* dither.png in Resources */,
				BEB7388719955DC000C7F556 /* Images.xcassets in Resources */,
				BEB738BC1996083900C7F556 /* ColorFilter.fsh in Resources */,
			);
			runOnlyForDeploymentPostprocessing = 0;
		};
		BEB7388A19955DC000C7F556 /* Resources */ = {
			isa = PBXResourcesBuildPhase;
			buildActionMask = 2147483647;
			files = (
			);
			runOnlyForDeploymentPostprocessing = 0;
		};
/* End PBXResourcesBuildPhase section */

/* Begin PBXSourcesBuildPhase section */
		BEB7387219955DC000C7F556 /* Sources */ = {
			isa = PBXSourcesBuildPhase;
			buildActionMask = 2147483647;
			files = (
				BEB738B1199601DB00C7F556 /* CameraGLView.m in Sources */,
				BEB738B2199601DB00C7F556 /* Camera.m in Sources */,
				BEB738B0199601DB00C7F556 /* CameraViewController.m in Sources */,
				BEB7387F19955DC000C7F556 /* AppDelegate.m in Sources */,
				BEB7387C19955DC000C7F556 /* main.m in Sources */,
			);
			runOnlyForDeploymentPostprocessing = 0;
		};
		BEB7388819955DC000C7F556 /* Sources */ = {
			isa = PBXSourcesBuildPhase;
			buildActionMask = 2147483647;
			files = (
				BEB7389319955DC000C7F556 /* C64Tests.m in Sources */,
			);
			runOnlyForDeploymentPostprocessing = 0;
		};
/* End PBXSourcesBuildPhase section */

/* Begin PBXTargetDependency section */
		BEB7388E19955DC000C7F556 /* PBXTargetDependency */ = {
			isa = PBXTargetDependency;
			target = BEB7387519955DC000C7F556 /* C64 */;
			targetProxy = BEB7388D19955DC000C7F556 /* PBXContainerItemProxy */;
		};
/* End PBXTargetDependency section */

/* Begin PBXVariantGroup section */
		BEB7388319955DC000C7F556 /* Main.storyboard */ = {
			isa = PBXVariantGroup;
			children = (
				BEB7388419955DC000C7F556 /* Base */,
			);
			name = Main.storyboard;
			sourceTree = "<group>";
		};
/* End PBXVariantGroup section */

/* Begin XCBuildConfiguration section */
		BEB7389419955DC000C7F556 /* Debug */ = {
			isa = XCBuildConfiguration;
			buildSettings = {
				ALWAYS_SEARCH_USER_PATHS = NO;
				CLANG_CXX_LANGUAGE_STANDARD = "gnu++0x";
				CLANG_CXX_LIBRARY = "libc++";
				CLANG_ENABLE_MODULES = YES;
				CLANG_ENABLE_OBJC_ARC = YES;
				CLANG_WARN_BOOL_CONVERSION = YES;
				CLANG_WARN_CONSTANT_CONVERSION = YES;
				CLANG_WARN_DIRECT_OBJC_ISA_USAGE = YES_ERROR;
				CLANG_WARN_EMPTY_BODY = YES;
				CLANG_WARN_ENUM_CONVERSION = YES;
				CLANG_WARN_INT_CONVERSION = YES;
				CLANG_WARN_OBJC_ROOT_CLASS = YES_ERROR;
				CLANG_WARN_UNREACHABLE_CODE = YES;
				CLANG_WARN__DUPLICATE_METHOD_MATCH = YES;
				"CODE_SIGN_IDENTITY[sdk=iphoneos*]" = "iPhone Developer";
				COPY_PHASE_STRIP = NO;
				ENABLE_STRICT_OBJC_MSGSEND = YES;
				GCC_C_LANGUAGE_STANDARD = gnu99;
				GCC_DYNAMIC_NO_PIC = NO;
				GCC_OPTIMIZATION_LEVEL = 0;
				GCC_PREPROCESSOR_DEFINITIONS = (
					"DEBUG=1",
					"$(inherited)",
				);
				GCC_SYMBOLS_PRIVATE_EXTERN = NO;
				GCC_WARN_64_TO_32_BIT_CONVERSION = YES;
				GCC_WARN_ABOUT_RETURN_TYPE = YES_ERROR;
				GCC_WARN_UNDECLARED_SELECTOR = YES;
				GCC_WARN_UNINITIALIZED_AUTOS = YES_AGGRESSIVE;
				GCC_WARN_UNUSED_FUNCTION = YES;
				GCC_WARN_UNUSED_VARIABLE = YES;
				IPHONEOS_DEPLOYMENT_TARGET = 8.0;
				MTL_ENABLE_DEBUG_INFO = YES;
				ONLY_ACTIVE_ARCH = YES;
				SDKROOT = iphoneos;
				TARGETED_DEVICE_FAMILY = "1,2";
			};
			name = Debug;
		};
		BEB7389519955DC000C7F556 /* Release */ = {
			isa = XCBuildConfiguration;
			buildSettings = {
				ALWAYS_SEARCH_USER_PATHS = NO;
				CLANG_CXX_LANGUAGE_STANDARD = "gnu++0x";
				CLANG_CXX_LIBRARY = "libc++";
				CLANG_ENABLE_MODULES = YES;
				CLANG_ENABLE_OBJC_ARC = YES;
				CLANG_WARN_BOOL_CONVERSION = YES;
				CLANG_WARN_CONSTANT_CONVERSION = YES;
				CLANG_WARN_DIRECT_OBJC_ISA_USAGE = YES_ERROR;
				CLANG_WARN_EMPTY_BODY = YES;
				CLANG_WARN_ENUM_CONVERSION = YES;
				CLANG_WARN_INT_CONVERSION = YES;
				CLANG_WARN_OBJC_ROOT_CLASS = YES_ERROR;
				CLANG_WARN_UNREACHABLE_CODE = YES;
				CLANG_WARN__DUPLICATE_METHOD_MATCH = YES;
				"CODE_SIGN_IDENTITY[sdk=iphoneos*]" = "iPhone Developer";
				COPY_PHASE_STRIP = YES;
				ENABLE_NS_ASSERTIONS = NO;
				ENABLE_STRICT_OBJC_MSGSEND = YES;
				GCC_C_LANGUAGE_STANDARD = gnu99;
				GCC_WARN_64_TO_32_BIT_CONVERSION = YES;
				GCC_WARN_ABOUT_RETURN_TYPE = YES_ERROR;
				GCC_WARN_UNDECLARED_SELECTOR = YES;
				GCC_WARN_UNINITIALIZED_AUTOS = YES_AGGRESSIVE;
				GCC_WARN_UNUSED_FUNCTION = YES;
				GCC_WARN_UNUSED_VARIABLE = YES;
				IPHONEOS_DEPLOYMENT_TARGET = 8.0;
				MTL_ENABLE_DEBUG_INFO = NO;
				SDKROOT = iphoneos;
				TARGETED_DEVICE_FAMILY = "1,2";
				VALIDATE_PRODUCT = YES;
			};
			name = Release;
		};
		BEB7389719955DC000C7F556 /* Debug */ = {
			isa = XCBuildConfiguration;
			buildSettings = {
				ASSETCATALOG_COMPILER_APPICON_NAME = AppIcon;
				ASSETCATALOG_COMPILER_LAUNCHIMAGE_NAME = LaunchImage;
				INFOPLIST_FILE = C64/Info.plist;
				IPHONEOS_DEPLOYMENT_TARGET = 7.1;
				LD_RUNPATH_SEARCH_PATHS = "$(inherited) @executable_path/Frameworks";
				PRODUCT_NAME = "$(TARGET_NAME)";
			};
			name = Debug;
		};
		BEB7389819955DC000C7F556 /* Release */ = {
			isa = XCBuildConfiguration;
			buildSettings = {
				ASSETCATALOG_COMPILER_APPICON_NAME = AppIcon;
				ASSETCATALOG_COMPILER_LAUNCHIMAGE_NAME = LaunchImage;
				CODE_SIGN_IDENTITY = "iPhone Distribution";
				INFOPLIST_FILE = C64/Info.plist;
				IPHONEOS_DEPLOYMENT_TARGET = 7.1;
				LD_RUNPATH_SEARCH_PATHS = "$(inherited) @executable_path/Frameworks";
				PRODUCT_NAME = "$(TARGET_NAME)";
				PROVISIONING_PROFILE = "65a0c29c-d676-4e2f-9fd1-3f6a95827802";
			};
			name = Release;
		};
		BEB7389A19955DC000C7F556 /* Debug */ = {
			isa = XCBuildConfiguration;
			buildSettings = {
				BUNDLE_LOADER = "$(TEST_HOST)";
				FRAMEWORK_SEARCH_PATHS = (
					"$(SDKROOT)/Developer/Library/Frameworks",
					"$(inherited)",
				);
				GCC_PREPROCESSOR_DEFINITIONS = (
					"DEBUG=1",
					"$(inherited)",
				);
				INFOPLIST_FILE = C64Tests/Info.plist;
				LD_RUNPATH_SEARCH_PATHS = "$(inherited) @executable_path/Frameworks @loader_path/Frameworks";
				PRODUCT_NAME = "$(TARGET_NAME)";
				TEST_HOST = "$(BUILT_PRODUCTS_DIR)/C64.app/C64";
			};
			name = Debug;
		};
		BEB7389B19955DC000C7F556 /* Release */ = {
			isa = XCBuildConfiguration;
			buildSettings = {
				BUNDLE_LOADER = "$(TEST_HOST)";
				FRAMEWORK_SEARCH_PATHS = (
					"$(SDKROOT)/Developer/Library/Frameworks",
					"$(inherited)",
				);
				INFOPLIST_FILE = C64Tests/Info.plist;
				LD_RUNPATH_SEARCH_PATHS = "$(inherited) @executable_path/Frameworks @loader_path/Frameworks";
				PRODUCT_NAME = "$(TARGET_NAME)";
				TEST_HOST = "$(BUILT_PRODUCTS_DIR)/C64.app/C64";
			};
			name = Release;
		};
/* End XCBuildConfiguration section */

/* Begin XCConfigurationList section */
		BEB7387119955DC000C7F556 /* Build configuration list for PBXProject "C64" */ = {
			isa = XCConfigurationList;
			buildConfigurations = (
				BEB7389419955DC000C7F556 /* Debug */,
				BEB7389519955DC000C7F556 /* Release */,
			);
			defaultConfigurationIsVisible = 0;
			defaultConfigurationName = Release;
		};
		BEB7389619955DC000C7F556 /* Build configuration list for PBXNativeTarget "C64" */ = {
			isa = XCConfigurationList;
			buildConfigurations = (
				BEB7389719955DC000C7F556 /* Debug */,
				BEB7389819955DC000C7F556 /* Release */,
			);
			defaultConfigurationIsVisible = 0;
			defaultConfigurationName = Release;
		};
		BEB7389919955DC000C7F556 /* Build configuration list for PBXNativeTarget "C64Tests" */ = {
			isa = XCConfigurationList;
			buildConfigurations = (
				BEB7389A19955DC000C7F556 /* Debug */,
				BEB7389B19955DC000C7F556 /* Release */,
			);
			defaultConfigurationIsVisible = 0;
			defaultConfigurationName = Release;
		};
/* End XCConfigurationList section */
	};
	rootObject = BEB7386E19955DC000C7F556 /* Project object */;
}
